
Microsoft Visual Studio Solution File, Format Version 12.00
# Visual Studio Version 16
VisualStudioVersion = 16.0.31129.286
MinimumVisualStudioVersion = 10.0.40219.1
Project("{FAE04EC0-301F-11D3-BF4B-00C04F79EFBC}") = "GamemasterChecker", "GamemasterChecker\GamemasterChecker.csproj", "{A9CF4A3C-008C-4C17-BB53-6F9A1A46E97E}"
EndProject
Global
	GlobalSection(SolutionConfigurationPlatforms) = preSolution
		Debug|Any CPU = Debug|Any CPU
		Release|Any CPU = Release|Any CPU
	EndGlobalSection
	GlobalSection(ProjectConfigurationPlatforms) = postSolution
		{A9CF4A3C-008C-4C17-BB53-6F9A1A46E97E}.Debug|Any CPU.ActiveCfg = Debug|Any CPU
		{A9CF4A3C-008C-4C17-BB53-6F9A1A46E97E}.Debug|Any CPU.Build.0 = Debug|Any CPU
		{A9CF4A3C-008C-4C17-BB53-6F9A1A46E97E}.Release|Any CPU.ActiveCfg = Release|Any CPU
		{A9CF4A3C-008C-4C17-BB53-6F9A1A46E97E}.Release|Any CPU.Build.0 = Release|Any CPU
	EndGlobalSection
	GlobalSection(SolutionProperties) = preSolution
		HideSolutionNode = FALSE
	EndGlobalSection
	GlobalSection(ExtensibilityGlobals) = postSolution
		SolutionGuid = {D1E21720-9CC8-4258-BF57-A4BF35B22D36}
	EndGlobalSection
EndGlobal
